
Microsoft Visual Studio Solution File, Format Version 12.00
# Visual Studio 15
VisualStudioVersion = 15.0.27130.2003
MinimumVisualStudioVersion = 10.0.40219.1
Project("{FAE04EC0-301F-11D3-BF4B-00C04F79EFBC}") = "WebApi.Presentation", "WebApi.Presentation\WebApi.Presentation.csproj", "{568C8223-97F9-4D47-91EA-F876FF4A59C0}"
EndProject
Project("{FAE04EC0-301F-11D3-BF4B-00C04F79EFBC}") = "WebApi.Command", "WebApi.Command\WebApi.Command.csproj", "{AED75901-1360-4E32-ADE3-618D4E89F707}"
EndProject
Project("{FAE04EC0-301F-11D3-BF4B-00C04F79EFBC}") = "WebApi.Query", "WebApi.Query\WebApi.Query.csproj", "{A70F44F6-AD94-4AB2-A0FC-5625FF7390F4}"
EndProject
Global
	GlobalSection(SolutionConfigurationPlatforms) = preSolution
		Debug|Any CPU = Debug|Any CPU
		Release|Any CPU = Release|Any CPU
	EndGlobalSection
	GlobalSection(ProjectConfigurationPlatforms) = postSolution
		{568C8223-97F9-4D47-91EA-F876FF4A59C0}.Debug|Any CPU.ActiveCfg = Debug|Any CPU
		{568C8223-97F9-4D47-91EA-F876FF4A59C0}.Debug|Any CPU.Build.0 = Debug|Any CPU
		{568C8223-97F9-4D47-91EA-F876FF4A59C0}.Release|Any CPU.ActiveCfg = Release|Any CPU
		{568C8223-97F9-4D47-91EA-F876FF4A59C0}.Release|Any CPU.Build.0 = Release|Any CPU
		{AED75901-1360-4E32-ADE3-618D4E89F707}.Debug|Any CPU.ActiveCfg = Debug|Any CPU
		{AED75901-1360-4E32-ADE3-618D4E89F707}.Debug|Any CPU.Build.0 = Debug|Any CPU
		{AED75901-1360-4E32-ADE3-618D4E89F707}.Release|Any CPU.ActiveCfg = Release|Any CPU
		{AED75901-1360-4E32-ADE3-618D4E89F707}.Release|Any CPU.Build.0 = Release|Any CPU
		{A70F44F6-AD94-4AB2-A0FC-5625FF7390F4}.Debug|Any CPU.ActiveCfg = Debug|Any CPU
		{A70F44F6-AD94-4AB2-A0FC-5625FF7390F4}.Debug|Any CPU.Build.0 = Debug|Any CPU
		{A70F44F6-AD94-4AB2-A0FC-5625FF7390F4}.Release|Any CPU.ActiveCfg = Release|Any CPU
		{A70F44F6-AD94-4AB2-A0FC-5625FF7390F4}.Release|Any CPU.Build.0 = Release|Any CPU
	EndGlobalSection
	GlobalSection(SolutionProperties) = preSolution
		HideSolutionNode = FALSE
	EndGlobalSection
	GlobalSection(ExtensibilityGlobals) = postSolution
		SolutionGuid = {FAA4BF8A-81E5-42B0-A1A1-235F6163B147}
	EndGlobalSection
EndGlobal
